
Microsoft Visual Studio Solution File, Format Version 12.00
# Visual Studio Version 17
VisualStudioVersion = 17.12.35209.166
MinimumVisualStudioVersion = 10.0.40219.1
Project("{FAE04EC0-301F-11D3-BF4B-00C04F79EFBC}") = "RegistroTecnico", "RegistroTecnico\RegistroTecnico.csproj", "{2B5E88EB-1E6E-447C-8057-0C60C51E37AD}"
EndProject
Global
	GlobalSection(SolutionConfigurationPlatforms) = preSolution
		Debug|Any CPU = Debug|Any CPU
		Release|Any CPU = Release|Any CPU
	EndGlobalSection
	GlobalSection(ProjectConfigurationPlatforms) = postSolution
		{2B5E88EB-1E6E-447C-8057-0C60C51E37AD}.Debug|Any CPU.ActiveCfg = Debug|Any CPU
		{2B5E88EB-1E6E-447C-8057-0C60C51E37AD}.Debug|Any CPU.Build.0 = Debug|Any CPU
		{2B5E88EB-1E6E-447C-8057-0C60C51E37AD}.Release|Any CPU.ActiveCfg = Release|Any CPU
		{2B5E88EB-1E6E-447C-8057-0C60C51E37AD}.Release|Any CPU.Build.0 = Release|Any CPU
	EndGlobalSection
	GlobalSection(SolutionProperties) = preSolution
		HideSolutionNode = FALSE
	EndGlobalSection
	GlobalSection(ExtensibilityGlobals) = postSolution
		SolutionGuid = {E7C3C25A-0AB6-4631-B849-EED347947874}
	EndGlobalSection
EndGlobal
